// !$*UTF8*$!
{
	archiveVersion = 1;
	classes = {
	};
	objectVersion = 48;
	objects = {

/* Begin PBXBuildFile section */
		F525AC4320AAA4FC005F7A6D /* AppDelegate.swift in Sources */ = {isa = PBXBuildFile; fileRef = F525AC4220AAA4FC005F7A6D /* AppDelegate.swift */; };
		F525AC4520AAA4FC005F7A6D /* ViewController.swift in Sources */ = {isa = PBXBuildFile; fileRef = F525AC4420AAA4FC005F7A6D /* ViewController.swift */; };
		F525AC4820AAA4FC005F7A6D /* Main.storyboard in Resources */ = {isa = PBXBuildFile; fileRef = F525AC4620AAA4FC005F7A6D /* Main.storyboard */; };
		F525AC4A20AAA4FC005F7A6D /* Assets.xcassets in Resources */ = {isa = PBXBuildFile; fileRef = F525AC4920AAA4FC005F7A6D /* Assets.xcassets */; };
		F525AC4D20AAA4FC005F7A6D /* LaunchScreen.storyboard in Resources */ = {isa = PBXBuildFile; fileRef = F525AC4B20AAA4FC005F7A6D /* LaunchScreen.storyboard */; };
/* End PBXBuildFile section */

/* Begin PBXFileReference section */
		F525AC3F20AAA4FC005F7A6D /* UIsider Tableview03.app */ = {isa = PBXFileReference; explicitFileType = wrapper.application; includeInIndex = 0; path = "UIsider Tableview03.app"; sourceTree = BUILT_PRODUCTS_DIR; };
		F525AC4220AAA4FC005F7A6D /* AppDelegate.swift */ = {isa = PBXFileReference; lastKnownFileType = sourcecode.swift; path = AppDelegate.swift; sourceTree = "<group>"; };
		F525AC4420AAA4FC005F7A6D /* ViewController.swift */ = {isa = PBXFileReference; lastKnownFileType = sourcecode.swift; path = ViewController.swift; sourceTree = "<group>"; };
		F525AC4720AAA4FC005F7A6D /* Base */ = {isa = PBXFileReference; lastKnownFileType = file.storyboard; name = Base; path = Base.lproj/Main.storyboard; sourceTree = "<group>"; };
		F525AC4920AAA4FC005F7A6D /* Assets.xcassets */ = {isa = PBXFileReference; lastKnownFileType = folder.assetcatalog; path = Assets.xcassets; sourceTree = "<group>"; };
		F525AC4C20AAA4FC005F7A6D /* Base */ = {isa = PBXFileReference; lastKnownFileType = file.storyboard; name = Base; path = Base.lproj/LaunchScreen.storyboard; sourceTree = "<group>"; };
		F525AC4E20AAA4FC005F7A6D /* Info.plist */ = {isa = PBXFileReference; lastKnownFileType = text.plist.xml; path = Info.plist; sourceTree = "<group>"; };
/* End PBXFileReference section */

/* Begin PBXFrameworksBuildPhase section */
		F525AC3C20AAA4FC005F7A6D /* Frameworks */ = {
			isa = PBXFrameworksBuildPhase;
			buildActionMask = 2147483647;
			files = (
			);
			runOnlyForDeploymentPostprocessing = 0;
		};
/* End PBXFrameworksBuildPhase section */

/* Begin PBXGroup section */
		F525AC3620AAA4FB005F7A6D = {
			isa = PBXGroup;
			children = (
				F525AC4120AAA4FC005F7A6D /* UIsider Tableview03 */,
				F525AC4020AAA4FC005F7A6D /* Products */,
			);
			sourceTree = "<group>";
		};
		F525AC4020AAA4FC005F7A6D /* Products */ = {
			isa = PBXGroup;
			children = (
				F525AC3F20AAA4FC005F7A6D /* UIsider Tableview03.app */,
			);
			name = Products;
			sourceTree = "<group>";
		};
		F525AC4120AAA4FC005F7A6D /* UIsider Tableview03 */ = {
			isa = PBXGroup;
			children = (
				F525AC4220AAA4FC005F7A6D /* AppDelegate.swift */,
				F525AC4420AAA4FC005F7A6D /* ViewController.swift */,
				F525AC4620AAA4FC005F7A6D /* Main.storyboard */,
				F525AC4920AAA4FC005F7A6D /* Assets.xcassets */,
				F525AC4B20AAA4FC005F7A6D /* LaunchScreen.storyboard */,
				F525AC4E20AAA4FC005F7A6D /* Info.plist */,
			);
			path = "UIsider Tableview03";
			sourceTree = "<group>";
		};
/* End PBXGroup section */

/* Begin PBXNativeTarget section */
		F525AC3E20AAA4FC005F7A6D /* UIsider Tableview03 */ = {
			isa = PBXNativeTarget;
			buildConfigurationList = F525AC5120AAA4FC005F7A6D /* Build configuration list for PBXNativeTarget "UIsider Tableview03" */;
			buildPhases = (
				F525AC3B20AAA4FC005F7A6D /* Sources */,
				F525AC3C20AAA4FC005F7A6D /* Frameworks */,
				F525AC3D20AAA4FC005F7A6D /* Resources */,
			);
			buildRules = (
			);
			dependencies = (
			);
			name = "UIsider Tableview03";
			productName = "UIsider Tableview03";
			productReference = F525AC3F20AAA4FC005F7A6D /* UIsider Tableview03.app */;
			productType = "com.apple.product-type.application";
		};
/* End PBXNativeTarget section */

/* Begin PBXProject section */
		F525AC3720AAA4FC005F7A6D /* Project object */ = {
			isa = PBXProject;
			attributes = {
				LastSwiftUpdateCheck = 0920;
				LastUpgradeCheck = 0920;
				ORGANIZATIONNAME = D7703_22;
				TargetAttributes = {
					F525AC3E20AAA4FC005F7A6D = {
						CreatedOnToolsVersion = 9.2;
						ProvisioningStyle = Automatic;
					};
				};
			};
			buildConfigurationList = F525AC3A20AAA4FC005F7A6D /* Build configuration list for PBXProject "UIsider Tableview03" */;
			compatibilityVersion = "Xcode 8.0";
			developmentRegion = en;
			hasScannedForEncodings = 0;
			knownRegions = (
				en,
				Base,
			);
			mainGroup = F525AC3620AAA4FB005F7A6D;
			productRefGroup = F525AC4020AAA4FC005F7A6D /* Products */;
			projectDirPath = "";
			projectRoot = "";
			targets = (
				F525AC3E20AAA4FC005F7A6D /* UIsider Tableview03 */,
			);
		};
/* End PBXProject section */

/* Begin PBXResourcesBuildPhase section */
		F525AC3D20AAA4FC005F7A6D /* Resources */ = {
			isa = PBXResourcesBuildPhase;
			buildActionMask = 2147483647;
			files = (
				F525AC4D20AAA4FC005F7A6D /* LaunchScreen.storyboard in Resources */,
				F525AC4A20AAA4FC005F7A6D /* Assets.xcassets in Resources */,
				F525AC4820AAA4FC005F7A6D /* Main.storyboard in Resources */,
			);
			runOnlyForDeploymentPostprocessing = 0;
		};
/* End PBXResourcesBuildPhase section */

/* Begin PBXSourcesBuildPhase section */
		F525AC3B20AAA4FC005F7A6D /* Sources */ = {
			isa = PBXSourcesBuildPhase;
			buildActionMask = 2147483647;
			files = (
				F525AC4520AAA4FC005F7A6D /* ViewController.swift in Sources */,
				F525AC4320AAA4FC005F7A6D /* AppDelegate.swift in Sources */,
			);
			runOnlyForDeploymentPostprocessing = 0;
		};
/* End PBXSourcesBuildPhase section */

/* Begin PBXVariantGroup section */
		F525AC4620AAA4FC005F7A6D /* Main.storyboard */ = {
			isa = PBXVariantGroup;
			children = (
				F525AC4720AAA4FC005F7A6D /* Base */,
			);
			name = Main.storyboard;
			sourceTree = "<group>";
		};
		F525AC4B20AAA4FC005F7A6D /* LaunchScreen.storyboard */ = {
			isa = PBXVariantGroup;
			children = (
				F525AC4C20AAA4FC005F7A6D /* Base */,
			);
			name = LaunchScreen.storyboard;
			sourceTree = "<group>";
		};
/* End PBXVariantGroup section */

/* Begin XCBuildConfiguration section */
		F525AC4F20AAA4FC005F7A6D /* Debug */ = {
			isa = XCBuildConfiguration;
			buildSettings = {
				ALWAYS_SEARCH_USER_PATHS = NO;
				CLANG_ANALYZER_NONNULL = YES;
				CLANG_ANALYZER_NUMBER_OBJECT_CONVERSION = YES_AGGRESSIVE;
				CLANG_CXX_LANGUAGE_STANDARD = "gnu++14";
				CLANG_CXX_LIBRARY = "libc++";
				CLANG_ENABLE_MODULES = YES;
				CLANG_ENABLE_OBJC_ARC = YES;
				CLANG_WARN_BLOCK_CAPTURE_AUTORELEASING = YES;
				CLANG_WARN_BOOL_CONVERSION = YES;
				CLANG_WARN_COMMA = YES;
				CLANG_WARN_CONSTANT_CONVERSION = YES;
				CLANG_WARN_DIRECT_OBJC_ISA_USAGE = YES_ERROR;
				CLANG_WARN_DOCUMENTATION_COMMENTS = YES;
				CLANG_WARN_EMPTY_BODY = YES;
				CLANG_WARN_ENUM_CONVERSION = YES;
				CLANG_WARN_INFINITE_RECURSION = YES;
				CLANG_WARN_INT_CONVERSION = YES;
				CLANG_WARN_NON_LITERAL_NULL_CONVERSION = YES;
				CLANG_WARN_OBJC_LITERAL_CONVERSION = YES;
				CLANG_WARN_OBJC_ROOT_CLASS = YES_ERROR;
				CLANG_WARN_RANGE_LOOP_ANALYSIS = YES;
				CLANG_WARN_STRICT_PROTOTYPES = YES;
				CLANG_WARN_SUSPICIOUS_MOVE = YES;
				CLANG_WARN_UNGUARDED_AVAILABILITY = YES_AGGRESSIVE;
				CLANG_WARN_UNREACHABLE_CODE = YES;
				CLANG_WARN__DUPLICATE_METHOD_MATCH = YES;
				CODE_SIGN_IDENTITY = "iPhone Developer";
				COPY_PHASE_STRIP = NO;
				DEBUG_INFORMATION_FORMAT = dwarf;
				ENABLE_STRICT_OBJC_MSGSEND = YES;
				ENABLE_TESTABILITY = YES;
				GCC_C_LANGUAGE_STANDARD = gnu11;
				GCC_DYNAMIC_NO_PIC = NO;
				GCC_NO_COMMON_BLOCKS = YES;
				GCC_OPTIMIZATION_LEVEL = 0;
				GCC_PREPROCESSOR_DEFINITIONS = (
					"DEBUG=1",
					"$(inherited)",
				);
				GCC_WARN_64_TO_32_BIT_CONVERSION = YES;
				GCC_WARN_ABOUT_RETURN_TYPE = YES_ERROR;
				GCC_WARN_UNDECLARED_SELECTOR = YES;
				GCC_WARN_UNINITIALIZED_AUTOS = YES_AGGRESSIVE;
				GCC_WARN_UNUSED_FUNCTION = YES;
				GCC_WARN_UNUSED_VARIABLE = YES;
				IPHONEOS_DEPLOYMENT_TARGET = 11.2;
				MTL_ENABLE_DEBUG_INFO = YES;
				ONLY_ACTIVE_ARCH = YES;
				SDKROOT = iphoneos;
				SWIFT_ACTIVE_COMPILATION_CONDITIONS = DEBUG;
				SWIFT_OPTIMIZATION_LEVEL = "-Onone";
			};
			name = Debug;
		};
		F525AC5020AAA4FC005F7A6D /* Release */ = {
			isa = XCBuildConfiguration;
			buildSettings = {
				ALWAYS_SEARCH_USER_PATHS = NO;
				CLANG_ANALYZER_NONNULL = YES;
				CLANG_ANALYZER_NUMBER_OBJECT_CONVERSION = YES_AGGRESSIVE;
				CLANG_CXX_LANGUAGE_STANDARD = "gnu++14";
				CLANG_CXX_LIBRARY = "libc++";
				CLANG_ENABLE_MODULES = YES;
				CLANG_ENABLE_OBJC_ARC = YES;
				CLANG_WARN_BLOCK_CAPTURE_AUTORELEASING = YES;
				CLANG_WARN_BOOL_CONVERSION = YES;
				CLANG_WARN_COMMA = YES;
				CLANG_WARN_CONSTANT_CONVERSION = YES;
				CLANG_WARN_DIRECT_OBJC_ISA_USAGE = YES_ERROR;
				CLANG_WARN_DOCUMENTATION_COMMENTS = YES;
				CLANG_WARN_EMPTY_BODY = YES;
				CLANG_WARN_ENUM_CONVERSION = YES;
				CLANG_WARN_INFINITE_RECURSION = YES;
				CLANG_WARN_INT_CONVERSION = YES;
				CLANG_WARN_NON_LITERAL_NULL_CONVERSION = YES;
				CLANG_WARN_OBJC_LITERAL_CONVERSION = YES;
				CLANG_WARN_OBJC_ROOT_CLASS = YES_ERROR;
				CLANG_WARN_RANGE_LOOP_ANALYSIS = YES;
				CLANG_WARN_STRICT_PROTOTYPES = YES;
				CLANG_WARN_SUSPICIOUS_MOVE = YES;
				CLANG_WARN_UNGUARDED_AVAILABILITY = YES_AGGRESSIVE;
				CLANG_WARN_UNREACHABLE_CODE = YES;
				CLANG_WARN__DUPLICATE_METHOD_MATCH = YES;
				CODE_SIGN_IDENTITY = "iPhone Developer";
				COPY_PHASE_STRIP = NO;
				DEBUG_INFORMATION_FORMAT = "dwarf-with-dsym";
				ENABLE_NS_ASSERTIONS = NO;
				ENABLE_STRICT_OBJC_MSGSEND = YES;
				GCC_C_LANGUAGE_STANDARD = gnu11;
				GCC_NO_COMMON_BLOCKS = YES;
				GCC_WARN_64_TO_32_BIT_CONVERSION = YES;
				GCC_WARN_ABOUT_RETURN_TYPE = YES_ERROR;
				GCC_WARN_UNDECLARED_SELECTOR = YES;
				GCC_WARN_UNINITIALIZED_AUTOS = YES_AGGRESSIVE;
				GCC_WARN_UNUSED_FUNCTION = YES;
				GCC_WARN_UNUSED_VARIABLE = YES;
				IPHONEOS_DEPLOYMENT_TARGET = 11.2;
				MTL_ENABLE_DEBUG_INFO = NO;
				SDKROOT = iphoneos;
				SWIFT_OPTIMIZATION_LEVEL = "-Owholemodule";
				VALIDATE_PRODUCT = YES;
			};
			name = Release;
		};
		F525AC5220AAA4FC005F7A6D /* Debug */ = {
			isa = XCBuildConfiguration;
			buildSettings = {
				ASSETCATALOG_COMPILER_APPICON_NAME = AppIcon;
				CODE_SIGN_STYLE = Automatic;
				INFOPLIST_FILE = "UIsider Tableview03/Info.plist";
				LD_RUNPATH_SEARCH_PATHS = "$(inherited) @executable_path/Frameworks";
				PRODUCT_BUNDLE_IDENTIFIER = "dit.co.kr.UIsider-Tableview03";
				PRODUCT_NAME = "$(TARGET_NAME)";
				SWIFT_VERSION = 4.0;
				TARGETED_DEVICE_FAMILY = "1,2";
			};
			name = Debug;
		};
		F525AC5320AAA4FC005F7A6D /* Release */ = {
			isa = XCBuildConfiguration;
			buildSettings = {
				ASSETCATALOG_COMPILER_APPICON_NAME = AppIcon;
				CODE_SIGN_STYLE = Automatic;
				INFOPLIST_FILE = "UIsider Tableview03/Info.plist";
				LD_RUNPATH_SEARCH_PATHS = "$(inherited) @executable_path/Frameworks";
				PRODUCT_BUNDLE_IDENTIFIER = "dit.co.kr.UIsider-Tableview03";
				PRODUCT_NAME = "$(TARGET_NAME)";
				SWIFT_VERSION = 4.0;
				TARGETED_DEVICE_FAMILY = "1,2";
			};
			name = Release;
		};
/* End XCBuildConfiguration section */

/* Begin XCConfigurationList section */
		F525AC3A20AAA4FC005F7A6D /* Build configuration list for PBXProject "UIsider Tableview03" */ = {
			isa = XCConfigurationList;
			buildConfigurations = (
				F525AC4F20AAA4FC005F7A6D /* Debug */,
				F525AC5020AAA4FC005F7A6D /* Release */,
			);
			defaultConfigurationIsVisible = 0;
			defaultConfigurationName = Release;
		};
		F525AC5120AAA4FC005F7A6D /* Build configuration list for PBXNativeTarget "UIsider Tableview03" */ = {
			isa = XCConfigurationList;
			buildConfigurations = (
				F525AC5220AAA4FC005F7A6D /* Debug */,
				F525AC5320AAA4FC005F7A6D /* Release */,
			);
			defaultConfigurationIsVisible = 0;
			defaultConfigurationName = Release;
		};
/* End XCConfigurationList section */
	};
	rootObject = F525AC3720AAA4FC005F7A6D /* Project object */;
}
